
Microsoft Visual Studio Solution File, Format Version 12.00
# Visual Studio Version 17
VisualStudioVersion = 17.4.33122.133
MinimumVisualStudioVersion = 10.0.40219.1
Project("{FAE04EC0-301F-11D3-BF4B-00C04F79EFBC}") = "HandsOn.MarketPlace.API", "HandsOn.MarketPlace.API\HandsOn.MarketPlace.API.csproj", "{18E010AD-2F0D-4996-9576-4481605FED20}"
EndProject
Global
	GlobalSection(SolutionConfigurationPlatforms) = preSolution
		Debug|Any CPU = Debug|Any CPU
		Release|Any CPU = Release|Any CPU
	EndGlobalSection
	GlobalSection(ProjectConfigurationPlatforms) = postSolution
		{18E010AD-2F0D-4996-9576-4481605FED20}.Debug|Any CPU.ActiveCfg = Debug|Any CPU
		{18E010AD-2F0D-4996-9576-4481605FED20}.Debug|Any CPU.Build.0 = Debug|Any CPU
		{18E010AD-2F0D-4996-9576-4481605FED20}.Release|Any CPU.ActiveCfg = Release|Any CPU
		{18E010AD-2F0D-4996-9576-4481605FED20}.Release|Any CPU.Build.0 = Release|Any CPU
	EndGlobalSection
	GlobalSection(SolutionProperties) = preSolution
		HideSolutionNode = FALSE
	EndGlobalSection
	GlobalSection(ExtensibilityGlobals) = postSolution
		SolutionGuid = {72E51B25-28AC-4A8D-B8D6-FD648FF07D14}
	EndGlobalSection
EndGlobal
